
Microsoft Visual Studio Solution File, Format Version 12.00
# Visual Studio Version 17
VisualStudioVersion = 17.11.35327.3
MinimumVisualStudioVersion = 10.0.40219.1
Project("{2150E333-8FDC-42A3-9474-1A3956D46DE8}") = "src", "src", "{82EDE0F7-247C-4458-83AA-DE29796003E7}"
EndProject
Project("{2150E333-8FDC-42A3-9474-1A3956D46DE8}") = "Services", "Services", "{13FCEC36-5841-450C-BABA-8EB7763ACFCD}"
EndProject
Project("{2150E333-8FDC-42A3-9474-1A3956D46DE8}") = "Catalog", "Catalog", "{78914D4C-4C1D-48A6-8A7A-E5C59842B373}"
EndProject
Project("{9A19103F-16F7-4668-BE54-9A1E7A4F7556}") = "CatalogAPI", "Services\Catalog\CatalogAPI\CatalogAPI.csproj", "{110FACC0-9B07-42F1-BF05-628821A1D1A7}"
EndProject
Project("{2150E333-8FDC-42A3-9474-1A3956D46DE8}") = "BuildingBlocks", "BuildingBlocks", "{E5FECBD1-C635-4CED-AD19-430F37F6D720}"
EndProject
Project("{9A19103F-16F7-4668-BE54-9A1E7A4F7556}") = "BuildingBlocks", "BuildingBlocks\BuildingBlocks\BuildingBlocks.csproj", "{63B0BA2D-40C8-4056-A1A0-D20ACB6DD301}"
EndProject
Project("{E53339B2-1760-4266-BCC7-CA923CBCF16C}") = "docker-compose", "docker-compose.dcproj", "{F2EF6CAB-24BB-431F-B6BF-EE55E0E47494}"
EndProject
Global
	GlobalSection(SolutionConfigurationPlatforms) = preSolution
		Debug|Any CPU = Debug|Any CPU
		Release|Any CPU = Release|Any CPU
	EndGlobalSection
	GlobalSection(ProjectConfigurationPlatforms) = postSolution
		{110FACC0-9B07-42F1-BF05-628821A1D1A7}.Debug|Any CPU.ActiveCfg = Debug|Any CPU
		{110FACC0-9B07-42F1-BF05-628821A1D1A7}.Debug|Any CPU.Build.0 = Debug|Any CPU
		{110FACC0-9B07-42F1-BF05-628821A1D1A7}.Release|Any CPU.ActiveCfg = Release|Any CPU
		{110FACC0-9B07-42F1-BF05-628821A1D1A7}.Release|Any CPU.Build.0 = Release|Any CPU
		{63B0BA2D-40C8-4056-A1A0-D20ACB6DD301}.Debug|Any CPU.ActiveCfg = Debug|Any CPU
		{63B0BA2D-40C8-4056-A1A0-D20ACB6DD301}.Debug|Any CPU.Build.0 = Debug|Any CPU
		{63B0BA2D-40C8-4056-A1A0-D20ACB6DD301}.Release|Any CPU.ActiveCfg = Release|Any CPU
		{63B0BA2D-40C8-4056-A1A0-D20ACB6DD301}.Release|Any CPU.Build.0 = Release|Any CPU
		{F2EF6CAB-24BB-431F-B6BF-EE55E0E47494}.Debug|Any CPU.ActiveCfg = Debug|Any CPU
		{F2EF6CAB-24BB-431F-B6BF-EE55E0E47494}.Debug|Any CPU.Build.0 = Debug|Any CPU
		{F2EF6CAB-24BB-431F-B6BF-EE55E0E47494}.Release|Any CPU.ActiveCfg = Release|Any CPU
		{F2EF6CAB-24BB-431F-B6BF-EE55E0E47494}.Release|Any CPU.Build.0 = Release|Any CPU
	EndGlobalSection
	GlobalSection(SolutionProperties) = preSolution
		HideSolutionNode = FALSE
	EndGlobalSection
	GlobalSection(NestedProjects) = preSolution
		{13FCEC36-5841-450C-BABA-8EB7763ACFCD} = {82EDE0F7-247C-4458-83AA-DE29796003E7}
		{78914D4C-4C1D-48A6-8A7A-E5C59842B373} = {13FCEC36-5841-450C-BABA-8EB7763ACFCD}
		{110FACC0-9B07-42F1-BF05-628821A1D1A7} = {78914D4C-4C1D-48A6-8A7A-E5C59842B373}
		{E5FECBD1-C635-4CED-AD19-430F37F6D720} = {82EDE0F7-247C-4458-83AA-DE29796003E7}
		{63B0BA2D-40C8-4056-A1A0-D20ACB6DD301} = {E5FECBD1-C635-4CED-AD19-430F37F6D720}
	EndGlobalSection
	GlobalSection(ExtensibilityGlobals) = postSolution
		SolutionGuid = {6710E28B-B262-49CA-B932-792870A3E31F}
	EndGlobalSection
EndGlobal
