
Microsoft Visual Studio Solution File, Format Version 12.00
# Visual Studio Version 17
VisualStudioVersion = 17.11.35327.3
MinimumVisualStudioVersion = 10.0.40219.1
Project("{2150E333-8FDC-42A3-9474-1A3956D46DE8}") = "src", "src", "{82EDE0F7-247C-4458-83AA-DE29796003E7}"
EndProject
Project("{2150E333-8FDC-42A3-9474-1A3956D46DE8}") = "Services", "Services", "{13FCEC36-5841-450C-BABA-8EB7763ACFCD}"
EndProject
Project("{2150E333-8FDC-42A3-9474-1A3956D46DE8}") = "Catalog", "Catalog", "{78914D4C-4C1D-48A6-8A7A-E5C59842B373}"
EndProject
Project("{9A19103F-16F7-4668-BE54-9A1E7A4F7556}") = "CatalogAPI", "Services\Catalog\CatalogAPI\CatalogAPI.csproj", "{110FACC0-9B07-42F1-BF05-628821A1D1A7}"
EndProject
Project("{2150E333-8FDC-42A3-9474-1A3956D46DE8}") = "BuildingBlocks", "BuildingBlocks", "{E5FECBD1-C635-4CED-AD19-430F37F6D720}"
EndProject
Project("{9A19103F-16F7-4668-BE54-9A1E7A4F7556}") = "BuildingBlocks", "BuildingBlocks\BuildingBlocks\BuildingBlocks.csproj", "{63B0BA2D-40C8-4056-A1A0-D20ACB6DD301}"
EndProject
Project("{2150E333-8FDC-42A3-9474-1A3956D46DE8}") = "Basket", "Basket", "{554EC6AB-5153-452A-89A6-C891B283F592}"
EndProject
Project("{FAE04EC0-301F-11D3-BF4B-00C04F79EFBC}") = "BasketAPI", "Services\Basket\BasketAPI\BasketAPI.csproj", "{5A0200AA-2922-4596-9C83-896C260244F2}"
EndProject
Project("{2150E333-8FDC-42A3-9474-1A3956D46DE8}") = "Discount", "Discount", "{678E7EBA-6E78-4AC3-BEAF-BBFA9768288F}"
EndProject
Project("{FAE04EC0-301F-11D3-BF4B-00C04F79EFBC}") = "Discount.Grpc", "Services\Discount\Discount.Grpc\Discount.Grpc.csproj", "{14389E93-D5F0-40D9-81AF-FF1D4606CEAD}"
EndProject
Project("{2150E333-8FDC-42A3-9474-1A3956D46DE8}") = "Ordering", "Ordering", "{4F3751E2-2140-49BA-9F37-255DB3AFEBE2}"
EndProject
Project("{FAE04EC0-301F-11D3-BF4B-00C04F79EFBC}") = "Ordering.API", "Services\Ordering\Ordering.API\Ordering.API.csproj", "{2E36255E-35AB-4443-86DF-0613CBCD5C5E}"
EndProject
Global
	GlobalSection(SolutionConfigurationPlatforms) = preSolution
		Debug|Any CPU = Debug|Any CPU
		Release|Any CPU = Release|Any CPU
	EndGlobalSection
	GlobalSection(ProjectConfigurationPlatforms) = postSolution
		{110FACC0-9B07-42F1-BF05-628821A1D1A7}.Debug|Any CPU.ActiveCfg = Debug|Any CPU
		{110FACC0-9B07-42F1-BF05-628821A1D1A7}.Debug|Any CPU.Build.0 = Debug|Any CPU
		{110FACC0-9B07-42F1-BF05-628821A1D1A7}.Release|Any CPU.ActiveCfg = Release|Any CPU
		{110FACC0-9B07-42F1-BF05-628821A1D1A7}.Release|Any CPU.Build.0 = Release|Any CPU
		{63B0BA2D-40C8-4056-A1A0-D20ACB6DD301}.Debug|Any CPU.ActiveCfg = Debug|Any CPU
		{63B0BA2D-40C8-4056-A1A0-D20ACB6DD301}.Debug|Any CPU.Build.0 = Debug|Any CPU
		{63B0BA2D-40C8-4056-A1A0-D20ACB6DD301}.Release|Any CPU.ActiveCfg = Release|Any CPU
		{63B0BA2D-40C8-4056-A1A0-D20ACB6DD301}.Release|Any CPU.Build.0 = Release|Any CPU
		{5A0200AA-2922-4596-9C83-896C260244F2}.Debug|Any CPU.ActiveCfg = Debug|Any CPU
		{5A0200AA-2922-4596-9C83-896C260244F2}.Debug|Any CPU.Build.0 = Debug|Any CPU
		{5A0200AA-2922-4596-9C83-896C260244F2}.Release|Any CPU.ActiveCfg = Release|Any CPU
		{5A0200AA-2922-4596-9C83-896C260244F2}.Release|Any CPU.Build.0 = Release|Any CPU
		{14389E93-D5F0-40D9-81AF-FF1D4606CEAD}.Debug|Any CPU.ActiveCfg = Debug|Any CPU
		{14389E93-D5F0-40D9-81AF-FF1D4606CEAD}.Debug|Any CPU.Build.0 = Debug|Any CPU
		{14389E93-D5F0-40D9-81AF-FF1D4606CEAD}.Release|Any CPU.ActiveCfg = Release|Any CPU
		{14389E93-D5F0-40D9-81AF-FF1D4606CEAD}.Release|Any CPU.Build.0 = Release|Any CPU
		{2E36255E-35AB-4443-86DF-0613CBCD5C5E}.Debug|Any CPU.ActiveCfg = Debug|Any CPU
		{2E36255E-35AB-4443-86DF-0613CBCD5C5E}.Debug|Any CPU.Build.0 = Debug|Any CPU
		{2E36255E-35AB-4443-86DF-0613CBCD5C5E}.Release|Any CPU.ActiveCfg = Release|Any CPU
		{2E36255E-35AB-4443-86DF-0613CBCD5C5E}.Release|Any CPU.Build.0 = Release|Any CPU
	EndGlobalSection
	GlobalSection(SolutionProperties) = preSolution
		HideSolutionNode = FALSE
	EndGlobalSection
	GlobalSection(NestedProjects) = preSolution
		{13FCEC36-5841-450C-BABA-8EB7763ACFCD} = {82EDE0F7-247C-4458-83AA-DE29796003E7}
		{78914D4C-4C1D-48A6-8A7A-E5C59842B373} = {13FCEC36-5841-450C-BABA-8EB7763ACFCD}
		{110FACC0-9B07-42F1-BF05-628821A1D1A7} = {78914D4C-4C1D-48A6-8A7A-E5C59842B373}
		{E5FECBD1-C635-4CED-AD19-430F37F6D720} = {82EDE0F7-247C-4458-83AA-DE29796003E7}
		{63B0BA2D-40C8-4056-A1A0-D20ACB6DD301} = {E5FECBD1-C635-4CED-AD19-430F37F6D720}
		{554EC6AB-5153-452A-89A6-C891B283F592} = {13FCEC36-5841-450C-BABA-8EB7763ACFCD}
		{5A0200AA-2922-4596-9C83-896C260244F2} = {554EC6AB-5153-452A-89A6-C891B283F592}
		{678E7EBA-6E78-4AC3-BEAF-BBFA9768288F} = {13FCEC36-5841-450C-BABA-8EB7763ACFCD}
		{14389E93-D5F0-40D9-81AF-FF1D4606CEAD} = {678E7EBA-6E78-4AC3-BEAF-BBFA9768288F}
		{4F3751E2-2140-49BA-9F37-255DB3AFEBE2} = {13FCEC36-5841-450C-BABA-8EB7763ACFCD}
		{2E36255E-35AB-4443-86DF-0613CBCD5C5E} = {4F3751E2-2140-49BA-9F37-255DB3AFEBE2}
	EndGlobalSection
	GlobalSection(ExtensibilityGlobals) = postSolution
		SolutionGuid = {8BCC1FC8-68C9-47C6-9D46-10D0C50454EC}
	EndGlobalSection
EndGlobal
